github.com/cloudfoundry/gosigar v1.1.0 h1:V/dVCzhKOdIU3WRB5inQU20s4yIgL9Dxx/Mhi0SF8eM=
github.com/cloudfoundry/gosigar v1.1.0/go.mod h1:3qLfc2GlfmwOx2+ZDaRGH3Y9fwQ0sQeaAleo2GV5pH0=
github.com/dolittle-edge/agent v0.0.0-20190520100718-7fea6d65abbd h1:ewjf+Vi+qP+kUeXK+NAeUl5K9HhHOc3wYHzvDxc0L+I=
github.com/dolittle-edge/agent v0.0.0-20190520101006-6b45346e2c61 h1:vZJ6JGmsyoEJhHWzoKIpmhSpL7qAHKqeTQnWJumDZX8=
